
Microsoft Visual Studio Solution File, Format Version 12.00
# Visual Studio Version 16
VisualStudioVersion = 16.0.31025.194
MinimumVisualStudioVersion = 10.0.40219.1
Project("{9A19103F-16F7-4668-BE54-9A1E7A4F7556}") = "DoAnCoSo", "DoAnCoSo\DoAnCoSo.csproj", "{E2EAD8B1-733D-4805-A8BA-4123135254F1}"
EndProject
Project("{FAE04EC0-301F-11D3-BF4B-00C04F79EFBC}") = "DoAnCoSo.DTOs", "DoAnCoSo.DTOs\DoAnCoSo.DTOs.csproj", "{84D043C5-26FC-4A1B-BBCB-2D0A63D59E2B}"
EndProject
Project("{FAE04EC0-301F-11D3-BF4B-00C04F79EFBC}") = "DoAnCoSo.Data", "DoAnCoSo.Data\DoAnCoSo.Data.csproj", "{C3156203-1653-4968-91B9-48EF0B55E7F8}"
EndProject
Global
	GlobalSection(SolutionConfigurationPlatforms) = preSolution
		Debug|Any CPU = Debug|Any CPU
		Release|Any CPU = Release|Any CPU
	EndGlobalSection
	GlobalSection(ProjectConfigurationPlatforms) = postSolution
		{E2EAD8B1-733D-4805-A8BA-4123135254F1}.Debug|Any CPU.ActiveCfg = Debug|Any CPU
		{E2EAD8B1-733D-4805-A8BA-4123135254F1}.Debug|Any CPU.Build.0 = Debug|Any CPU
		{E2EAD8B1-733D-4805-A8BA-4123135254F1}.Release|Any CPU.ActiveCfg = Release|Any CPU
		{E2EAD8B1-733D-4805-A8BA-4123135254F1}.Release|Any CPU.Build.0 = Release|Any CPU
		{84D043C5-26FC-4A1B-BBCB-2D0A63D59E2B}.Debug|Any CPU.ActiveCfg = Debug|Any CPU
		{84D043C5-26FC-4A1B-BBCB-2D0A63D59E2B}.Debug|Any CPU.Build.0 = Debug|Any CPU
		{84D043C5-26FC-4A1B-BBCB-2D0A63D59E2B}.Release|Any CPU.ActiveCfg = Release|Any CPU
		{84D043C5-26FC-4A1B-BBCB-2D0A63D59E2B}.Release|Any CPU.Build.0 = Release|Any CPU
		{C3156203-1653-4968-91B9-48EF0B55E7F8}.Debug|Any CPU.ActiveCfg = Debug|Any CPU
		{C3156203-1653-4968-91B9-48EF0B55E7F8}.Debug|Any CPU.Build.0 = Debug|Any CPU
		{C3156203-1653-4968-91B9-48EF0B55E7F8}.Release|Any CPU.ActiveCfg = Release|Any CPU
		{C3156203-1653-4968-91B9-48EF0B55E7F8}.Release|Any CPU.Build.0 = Release|Any CPU
	EndGlobalSection
	GlobalSection(SolutionProperties) = preSolution
		HideSolutionNode = FALSE
	EndGlobalSection
	GlobalSection(ExtensibilityGlobals) = postSolution
		SolutionGuid = {9A792852-5C0A-4FDF-8493-2EAD6BAF28E8}
	EndGlobalSection
EndGlobal
